// !$*UTF8*$!
{
	archiveVersion = 1;
	classes = {
	};
	objectVersion = 46;
	objects = {

/* Begin PBXBuildFile section */
		3EA4CE921DF3D3BC00D566FB /* DetailViewController.swift in Sources */ = {isa = PBXBuildFile; fileRef = 3EA4CE911DF3D3BC00D566FB /* DetailViewController.swift */; };
		3ECB7EFF1DF3A5AB0067A0B0 /* AppDelegate.swift in Sources */ = {isa = PBXBuildFile; fileRef = 3ECB7EFE1DF3A5AB0067A0B0 /* AppDelegate.swift */; };
		3ECB7F041DF3A5AB0067A0B0 /* Main.storyboard in Resources */ = {isa = PBXBuildFile; fileRef = 3ECB7F021DF3A5AB0067A0B0 /* Main.storyboard */; };
		3ECB7F061DF3A5AB0067A0B0 /* Assets.xcassets in Resources */ = {isa = PBXBuildFile; fileRef = 3ECB7F051DF3A5AB0067A0B0 /* Assets.xcassets */; };
		3ECB7F091DF3A5AB0067A0B0 /* LaunchScreen.storyboard in Resources */ = {isa = PBXBuildFile; fileRef = 3ECB7F071DF3A5AB0067A0B0 /* LaunchScreen.storyboard */; };
		3ECB7F121DF3A5F50067A0B0 /* GoogleBooksTableViewController.swift in Sources */ = {isa = PBXBuildFile; fileRef = 3ECB7F111DF3A5F50067A0B0 /* GoogleBooksTableViewController.swift */; };
		3ECB7F141DF3A6660067A0B0 /* APIRequestManager.swift in Sources */ = {isa = PBXBuildFile; fileRef = 3ECB7F131DF3A6660067A0B0 /* APIRequestManager.swift */; };
		3ECB7F161DF3A8400067A0B0 /* Book.swift in Sources */ = {isa = PBXBuildFile; fileRef = 3ECB7F151DF3A8400067A0B0 /* Book.swift */; };
/* End PBXBuildFile section */

/* Begin PBXFileReference section */
		3EA4CE911DF3D3BC00D566FB /* DetailViewController.swift */ = {isa = PBXFileReference; fileEncoding = 4; lastKnownFileType = sourcecode.swift; path = DetailViewController.swift; sourceTree = "<group>"; };
		3ECB7EFB1DF3A5AB0067A0B0 /* GoogleBooksAPI.app */ = {isa = PBXFileReference; explicitFileType = wrapper.application; includeInIndex = 0; path = GoogleBooksAPI.app; sourceTree = BUILT_PRODUCTS_DIR; };
		3ECB7EFE1DF3A5AB0067A0B0 /* AppDelegate.swift */ = {isa = PBXFileReference; lastKnownFileType = sourcecode.swift; path = AppDelegate.swift; sourceTree = "<group>"; };
		3ECB7F031DF3A5AB0067A0B0 /* Base */ = {isa = PBXFileReference; lastKnownFileType = file.storyboard; name = Base; path = Base.lproj/Main.storyboard; sourceTree = "<group>"; };
		3ECB7F051DF3A5AB0067A0B0 /* Assets.xcassets */ = {isa = PBXFileReference; lastKnownFileType = folder.assetcatalog; path = Assets.xcassets; sourceTree = "<group>"; };
		3ECB7F081DF3A5AB0067A0B0 /* Base */ = {isa = PBXFileReference; lastKnownFileType = file.storyboard; name = Base; path = Base.lproj/LaunchScreen.storyboard; sourceTree = "<group>"; };
		3ECB7F0A1DF3A5AB0067A0B0 /* Info.plist */ = {isa = PBXFileReference; lastKnownFileType = text.plist.xml; path = Info.plist; sourceTree = "<group>"; };
		3ECB7F111DF3A5F50067A0B0 /* GoogleBooksTableViewController.swift */ = {isa = PBXFileReference; fileEncoding = 4; lastKnownFileType = sourcecode.swift; path = GoogleBooksTableViewController.swift; sourceTree = "<group>"; };
		3ECB7F131DF3A6660067A0B0 /* APIRequestManager.swift */ = {isa = PBXFileReference; fileEncoding = 4; lastKnownFileType = sourcecode.swift; path = APIRequestManager.swift; sourceTree = "<group>"; };
		3ECB7F151DF3A8400067A0B0 /* Book.swift */ = {isa = PBXFileReference; fileEncoding = 4; lastKnownFileType = sourcecode.swift; path = Book.swift; sourceTree = "<group>"; };
/* End PBXFileReference section */

/* Begin PBXFrameworksBuildPhase section */
		3ECB7EF81DF3A5AB0067A0B0 /* Frameworks */ = {
			isa = PBXFrameworksBuildPhase;
			buildActionMask = 2147483647;
			files = (
			);
			runOnlyForDeploymentPostprocessing = 0;
		};
/* End PBXFrameworksBuildPhase section */

/* Begin PBXGroup section */
		3ECB7EF21DF3A5AB0067A0B0 = {
			isa = PBXGroup;
			children = (
				3ECB7EFD1DF3A5AB0067A0B0 /* GoogleBooksAPI */,
				3ECB7EFC1DF3A5AB0067A0B0 /* Products */,
			);
			sourceTree = "<group>";
		};
		3ECB7EFC1DF3A5AB0067A0B0 /* Products */ = {
			isa = PBXGroup;
			children = (
				3ECB7EFB1DF3A5AB0067A0B0 /* GoogleBooksAPI.app */,
			);
			name = Products;
			sourceTree = "<group>";
		};
		3ECB7EFD1DF3A5AB0067A0B0 /* GoogleBooksAPI */ = {
			isa = PBXGroup;
			children = (
				3ECB7F021DF3A5AB0067A0B0 /* Main.storyboard */,
				3ECB7F111DF3A5F50067A0B0 /* GoogleBooksTableViewController.swift */,
				3EA4CE911DF3D3BC00D566FB /* DetailViewController.swift */,
				3ECB7F151DF3A8400067A0B0 /* Book.swift */,
				3ECB7F131DF3A6660067A0B0 /* APIRequestManager.swift */,
				3ECB7F101DF3A5CA0067A0B0 /* Supporting Files */,
			);
			path = GoogleBooksAPI;
			sourceTree = "<group>";
		};
		3ECB7F101DF3A5CA0067A0B0 /* Supporting Files */ = {
			isa = PBXGroup;
			children = (
				3ECB7EFE1DF3A5AB0067A0B0 /* AppDelegate.swift */,
				3ECB7F051DF3A5AB0067A0B0 /* Assets.xcassets */,
				3ECB7F071DF3A5AB0067A0B0 /* LaunchScreen.storyboard */,
				3ECB7F0A1DF3A5AB0067A0B0 /* Info.plist */,
			);
			name = "Supporting Files";
			sourceTree = "<group>";
		};
/* End PBXGroup section */

/* Begin PBXNativeTarget section */
		3ECB7EFA1DF3A5AB0067A0B0 /* GoogleBooksAPI */ = {
			isa = PBXNativeTarget;
			buildConfigurationList = 3ECB7F0D1DF3A5AB0067A0B0 /* Build configuration list for PBXNativeTarget "GoogleBooksAPI" */;
			buildPhases = (
				3ECB7EF71DF3A5AB0067A0B0 /* Sources */,
				3ECB7EF81DF3A5AB0067A0B0 /* Frameworks */,
				3ECB7EF91DF3A5AB0067A0B0 /* Resources */,
			);
			buildRules = (
			);
			dependencies = (
			);
			name = GoogleBooksAPI;
			productName = GoogleBooksAPI;
			productReference = 3ECB7EFB1DF3A5AB0067A0B0 /* GoogleBooksAPI.app */;
			productType = "com.apple.product-type.application";
		};
/* End PBXNativeTarget section */

/* Begin PBXProject section */
		3ECB7EF31DF3A5AB0067A0B0 /* Project object */ = {
			isa = PBXProject;
			attributes = {
				LastSwiftUpdateCheck = 0800;
				LastUpgradeCheck = 0800;
				ORGANIZATIONNAME = "Marcel Chaucer";
				TargetAttributes = {
					3ECB7EFA1DF3A5AB0067A0B0 = {
						CreatedOnToolsVersion = 8.0;
						ProvisioningStyle = Automatic;
					};
				};
			};
			buildConfigurationList = 3ECB7EF61DF3A5AB0067A0B0 /* Build configuration list for PBXProject "GoogleBooksAPI" */;
			compatibilityVersion = "Xcode 3.2";
			developmentRegion = English;
			hasScannedForEncodings = 0;
			knownRegions = (
				en,
				Base,
			);
			mainGroup = 3ECB7EF21DF3A5AB0067A0B0;
			productRefGroup = 3ECB7EFC1DF3A5AB0067A0B0 /* Products */;
			projectDirPath = "";
			projectRoot = "";
			targets = (
				3ECB7EFA1DF3A5AB0067A0B0 /* GoogleBooksAPI */,
			);
		};
/* End PBXProject section */

/* Begin PBXResourcesBuildPhase section */
		3ECB7EF91DF3A5AB0067A0B0 /* Resources */ = {
			isa = PBXResourcesBuildPhase;
			buildActionMask = 2147483647;
			files = (
				3ECB7F091DF3A5AB0067A0B0 /* LaunchScreen.storyboard in Resources */,
				3ECB7F061DF3A5AB0067A0B0 /* Assets.xcassets in Resources */,
				3ECB7F041DF3A5AB0067A0B0 /* Main.storyboard in Resources */,
			);
			runOnlyForDeploymentPostprocessing = 0;
		};
/* End PBXResourcesBuildPhase section */

/* Begin PBXSourcesBuildPhase section */
		3ECB7EF71DF3A5AB0067A0B0 /* Sources */ = {
			isa = PBXSourcesBuildPhase;
			buildActionMask = 2147483647;
			files = (
				3ECB7F161DF3A8400067A0B0 /* Book.swift in Sources */,
				3ECB7F141DF3A6660067A0B0 /* APIRequestManager.swift in Sources */,
				3EA4CE921DF3D3BC00D566FB /* DetailViewController.swift in Sources */,
				3ECB7EFF1DF3A5AB0067A0B0 /* AppDelegate.swift in Sources */,
				3ECB7F121DF3A5F50067A0B0 /* GoogleBooksTableViewController.swift in Sources */,
			);
			runOnlyForDeploymentPostprocessing = 0;
		};
/* End PBXSourcesBuildPhase section */

/* Begin PBXVariantGroup section */
		3ECB7F021DF3A5AB0067A0B0 /* Main.storyboard */ = {
			isa = PBXVariantGroup;
			children = (
				3ECB7F031DF3A5AB0067A0B0 /* Base */,
			);
			name = Main.storyboard;
			sourceTree = "<group>";
		};
		3ECB7F071DF3A5AB0067A0B0 /* LaunchScreen.storyboard */ = {
			isa = PBXVariantGroup;
			children = (
				3ECB7F081DF3A5AB0067A0B0 /* Base */,
			);
			name = LaunchScreen.storyboard;
			sourceTree = "<group>";
		};
/* End PBXVariantGroup section */

/* Begin XCBuildConfiguration section */
		3ECB7F0B1DF3A5AB0067A0B0 /* Debug */ = {
			isa = XCBuildConfiguration;
			buildSettings = {
				ALWAYS_SEARCH_USER_PATHS = NO;
				CLANG_ANALYZER_NONNULL = YES;
				CLANG_CXX_LANGUAGE_STANDARD = "gnu++0x";
				CLANG_CXX_LIBRARY = "libc++";
				CLANG_ENABLE_MODULES = YES;
				CLANG_ENABLE_OBJC_ARC = YES;
				CLANG_WARN_BOOL_CONVERSION = YES;
				CLANG_WARN_CONSTANT_CONVERSION = YES;
				CLANG_WARN_DIRECT_OBJC_ISA_USAGE = YES_ERROR;
				CLANG_WARN_DOCUMENTATION_COMMENTS = YES;
				CLANG_WARN_EMPTY_BODY = YES;
				CLANG_WARN_ENUM_CONVERSION = YES;
				CLANG_WARN_INFINITE_RECURSION = YES;
				CLANG_WARN_INT_CONVERSION = YES;
				CLANG_WARN_OBJC_ROOT_CLASS = YES_ERROR;
				CLANG_WARN_SUSPICIOUS_MOVES = YES;
				CLANG_WARN_UNREACHABLE_CODE = YES;
				CLANG_WARN__DUPLICATE_METHOD_MATCH = YES;
				"CODE_SIGN_IDENTITY[sdk=iphoneos*]" = "iPhone Developer";
				COPY_PHASE_STRIP = NO;
				DEBUG_INFORMATION_FORMAT = dwarf;
				ENABLE_STRICT_OBJC_MSGSEND = YES;
				ENABLE_TESTABILITY = YES;
				GCC_C_LANGUAGE_STANDARD = gnu99;
				GCC_DYNAMIC_NO_PIC = NO;
				GCC_NO_COMMON_BLOCKS = YES;
				GCC_OPTIMIZATION_LEVEL = 0;
				GCC_PREPROCESSOR_DEFINITIONS = (
					"DEBUG=1",
					"$(inherited)",
				);
				GCC_WARN_64_TO_32_BIT_CONVERSION = YES;
				GCC_WARN_ABOUT_RETURN_TYPE = YES_ERROR;
				GCC_WARN_UNDECLARED_SELECTOR = YES;
				GCC_WARN_UNINITIALIZED_AUTOS = YES_AGGRESSIVE;
				GCC_WARN_UNUSED_FUNCTION = YES;
				GCC_WARN_UNUSED_VARIABLE = YES;
				IPHONEOS_DEPLOYMENT_TARGET = 10.0;
				MTL_ENABLE_DEBUG_INFO = YES;
				ONLY_ACTIVE_ARCH = YES;
				SDKROOT = iphoneos;
				SWIFT_ACTIVE_COMPILATION_CONDITIONS = DEBUG;
				SWIFT_OPTIMIZATION_LEVEL = "-Onone";
				TARGETED_DEVICE_FAMILY = "1,2";
			};
			name = Debug;
		};
		3ECB7F0C1DF3A5AB0067A0B0 /* Release */ = {
			isa = XCBuildConfiguration;
			buildSettings = {
				ALWAYS_SEARCH_USER_PATHS = NO;
				CLANG_ANALYZER_NONNULL = YES;
				CLANG_CXX_LANGUAGE_STANDARD = "gnu++0x";
				CLANG_CXX_LIBRARY = "libc++";
				CLANG_ENABLE_MODULES = YES;
				CLANG_ENABLE_OBJC_ARC = YES;
				CLANG_WARN_BOOL_CONVERSION = YES;
				CLANG_WARN_CONSTANT_CONVERSION = YES;
				CLANG_WARN_DIRECT_OBJC_ISA_USAGE = YES_ERROR;
				CLANG_WARN_DOCUMENTATION_COMMENTS = YES;
				CLANG_WARN_EMPTY_BODY = YES;
				CLANG_WARN_ENUM_CONVERSION = YES;
				CLANG_WARN_INFINITE_RECURSION = YES;
				CLANG_WARN_INT_CONVERSION = YES;
				CLANG_WARN_OBJC_ROOT_CLASS = YES_ERROR;
				CLANG_WARN_SUSPICIOUS_MOVES = YES;
				CLANG_WARN_UNREACHABLE_CODE = YES;
				CLANG_WARN__DUPLICATE_METHOD_MATCH = YES;
				"CODE_SIGN_IDENTITY[sdk=iphoneos*]" = "iPhone Developer";
				COPY_PHASE_STRIP = NO;
				DEBUG_INFORMATION_FORMAT = "dwarf-with-dsym";
				ENABLE_NS_ASSERTIONS = NO;
				ENABLE_STRICT_OBJC_MSGSEND = YES;
				GCC_C_LANGUAGE_STANDARD = gnu99;
				GCC_NO_COMMON_BLOCKS = YES;
				GCC_WARN_64_TO_32_BIT_CONVERSION = YES;
				GCC_WARN_ABOUT_RETURN_TYPE = YES_ERROR;
				GCC_WARN_UNDECLARED_SELECTOR = YES;
				GCC_WARN_UNINITIALIZED_AUTOS = YES_AGGRESSIVE;
				GCC_WARN_UNUSED_FUNCTION = YES;
				GCC_WARN_UNUSED_VARIABLE = YES;
				IPHONEOS_DEPLOYMENT_TARGET = 10.0;
				MTL_ENABLE_DEBUG_INFO = NO;
				SDKROOT = iphoneos;
				SWIFT_OPTIMIZATION_LEVEL = "-Owholemodule";
				TARGETED_DEVICE_FAMILY = "1,2";
				VALIDATE_PRODUCT = YES;
			};
			name = Release;
		};
		3ECB7F0E1DF3A5AB0067A0B0 /* Debug */ = {
			isa = XCBuildConfiguration;
			buildSettings = {
				ASSETCATALOG_COMPILER_APPICON_NAME = AppIcon;
				INFOPLIST_FILE = GoogleBooksAPI/Info.plist;
				LD_RUNPATH_SEARCH_PATHS = "$(inherited) @executable_path/Frameworks";
				PRODUCT_BUNDLE_IDENTIFIER = nyc.c4q.marcelchaucer.GoogleBooksAPI;
				PRODUCT_NAME = "$(TARGET_NAME)";
				SWIFT_VERSION = 3.0;
			};
			name = Debug;
		};
		3ECB7F0F1DF3A5AB0067A0B0 /* Release */ = {
			isa = XCBuildConfiguration;
			buildSettings = {
				ASSETCATALOG_COMPILER_APPICON_NAME = AppIcon;
				INFOPLIST_FILE = GoogleBooksAPI/Info.plist;
				LD_RUNPATH_SEARCH_PATHS = "$(inherited) @executable_path/Frameworks";
				PRODUCT_BUNDLE_IDENTIFIER = nyc.c4q.marcelchaucer.GoogleBooksAPI;
				PRODUCT_NAME = "$(TARGET_NAME)";
				SWIFT_VERSION = 3.0;
			};
			name = Release;
		};
/* End XCBuildConfiguration section */

/* Begin XCConfigurationList section */
		3ECB7EF61DF3A5AB0067A0B0 /* Build configuration list for PBXProject "GoogleBooksAPI" */ = {
			isa = XCConfigurationList;
			buildConfigurations = (
				3ECB7F0B1DF3A5AB0067A0B0 /* Debug */,
				3ECB7F0C1DF3A5AB0067A0B0 /* Release */,
			);
			defaultConfigurationIsVisible = 0;
			defaultConfigurationName = Release;
		};
		3ECB7F0D1DF3A5AB0067A0B0 /* Build configuration list for PBXNativeTarget "GoogleBooksAPI" */ = {
			isa = XCConfigurationList;
			buildConfigurations = (
				3ECB7F0E1DF3A5AB0067A0B0 /* Debug */,
				3ECB7F0F1DF3A5AB0067A0B0 /* Release */,
			);
			defaultConfigurationIsVisible = 0;
			defaultConfigurationName = Release;
		};
/* End XCConfigurationList section */
	};
	rootObject = 3ECB7EF31DF3A5AB0067A0B0 /* Project object */;
}
