// !$*UTF8*$!
{
	archiveVersion = 1;
	classes = {
	};
	objectVersion = 46;
	objects = {

/* Begin PBXBuildFile section */
		9B33074E1DF4E88B001AA3BC /* AppDelegate.swift in Sources */ = {isa = PBXBuildFile; fileRef = 9B33074D1DF4E88B001AA3BC /* AppDelegate.swift */; };
		9B3307531DF4E88B001AA3BC /* Main.storyboard in Resources */ = {isa = PBXBuildFile; fileRef = 9B3307511DF4E88B001AA3BC /* Main.storyboard */; };
		9B3307561DF4E88B001AA3BC /* GoogleBookAPI.xcdatamodeld in Sources */ = {isa = PBXBuildFile; fileRef = 9B3307541DF4E88B001AA3BC /* GoogleBookAPI.xcdatamodeld */; };
		9B3307581DF4E88B001AA3BC /* Assets.xcassets in Resources */ = {isa = PBXBuildFile; fileRef = 9B3307571DF4E88B001AA3BC /* Assets.xcassets */; };
		9B33075B1DF4E88B001AA3BC /* LaunchScreen.storyboard in Resources */ = {isa = PBXBuildFile; fileRef = 9B3307591DF4E88B001AA3BC /* LaunchScreen.storyboard */; };
		9B3307631DF4EC25001AA3BC /* GoogleBooksTableViewController.swift in Sources */ = {isa = PBXBuildFile; fileRef = 9B3307621DF4EC25001AA3BC /* GoogleBooksTableViewController.swift */; };
		9B3307651DF4EC6E001AA3BC /* GoogleBook.swift in Sources */ = {isa = PBXBuildFile; fileRef = 9B3307641DF4EC6E001AA3BC /* GoogleBook.swift */; };
		9B3307671DF4EDCD001AA3BC /* APIRequestManager.swift in Sources */ = {isa = PBXBuildFile; fileRef = 9B3307661DF4EDCD001AA3BC /* APIRequestManager.swift */; };
		9B3307691DF4FFDD001AA3BC /* DetailViewController.swift in Sources */ = {isa = PBXBuildFile; fileRef = 9B3307681DF4FFDD001AA3BC /* DetailViewController.swift */; };
/* End PBXBuildFile section */

/* Begin PBXFileReference section */
		9B33074A1DF4E88B001AA3BC /* GoogleBookAPI.app */ = {isa = PBXFileReference; explicitFileType = wrapper.application; includeInIndex = 0; path = GoogleBookAPI.app; sourceTree = BUILT_PRODUCTS_DIR; };
		9B33074D1DF4E88B001AA3BC /* AppDelegate.swift */ = {isa = PBXFileReference; lastKnownFileType = sourcecode.swift; path = AppDelegate.swift; sourceTree = "<group>"; };
		9B3307521DF4E88B001AA3BC /* Base */ = {isa = PBXFileReference; lastKnownFileType = file.storyboard; name = Base; path = Base.lproj/Main.storyboard; sourceTree = "<group>"; };
		9B3307551DF4E88B001AA3BC /* GoogleBookAPI.xcdatamodel */ = {isa = PBXFileReference; lastKnownFileType = wrapper.xcdatamodel; path = GoogleBookAPI.xcdatamodel; sourceTree = "<group>"; };
		9B3307571DF4E88B001AA3BC /* Assets.xcassets */ = {isa = PBXFileReference; lastKnownFileType = folder.assetcatalog; path = Assets.xcassets; sourceTree = "<group>"; };
		9B33075A1DF4E88B001AA3BC /* Base */ = {isa = PBXFileReference; lastKnownFileType = file.storyboard; name = Base; path = Base.lproj/LaunchScreen.storyboard; sourceTree = "<group>"; };
		9B33075C1DF4E88B001AA3BC /* Info.plist */ = {isa = PBXFileReference; lastKnownFileType = text.plist.xml; path = Info.plist; sourceTree = "<group>"; };
		9B3307621DF4EC25001AA3BC /* GoogleBooksTableViewController.swift */ = {isa = PBXFileReference; fileEncoding = 4; lastKnownFileType = sourcecode.swift; path = GoogleBooksTableViewController.swift; sourceTree = "<group>"; };
		9B3307641DF4EC6E001AA3BC /* GoogleBook.swift */ = {isa = PBXFileReference; fileEncoding = 4; lastKnownFileType = sourcecode.swift; path = GoogleBook.swift; sourceTree = "<group>"; };
		9B3307661DF4EDCD001AA3BC /* APIRequestManager.swift */ = {isa = PBXFileReference; fileEncoding = 4; lastKnownFileType = sourcecode.swift; path = APIRequestManager.swift; sourceTree = "<group>"; };
		9B3307681DF4FFDD001AA3BC /* DetailViewController.swift */ = {isa = PBXFileReference; fileEncoding = 4; lastKnownFileType = sourcecode.swift; name = DetailViewController.swift; path = ../DetailViewController.swift; sourceTree = "<group>"; };
/* End PBXFileReference section */

/* Begin PBXFrameworksBuildPhase section */
		9B3307471DF4E88B001AA3BC /* Frameworks */ = {
			isa = PBXFrameworksBuildPhase;
			buildActionMask = 2147483647;
			files = (
			);
			runOnlyForDeploymentPostprocessing = 0;
		};
/* End PBXFrameworksBuildPhase section */

/* Begin PBXGroup section */
		9B3307411DF4E88B001AA3BC = {
			isa = PBXGroup;
			children = (
				9B33074C1DF4E88B001AA3BC /* GoogleBookAPI */,
				9B33074B1DF4E88B001AA3BC /* Products */,
			);
			sourceTree = "<group>";
		};
		9B33074B1DF4E88B001AA3BC /* Products */ = {
			isa = PBXGroup;
			children = (
				9B33074A1DF4E88B001AA3BC /* GoogleBookAPI.app */,
			);
			name = Products;
			sourceTree = "<group>";
		};
		9B33074C1DF4E88B001AA3BC /* GoogleBookAPI */ = {
			isa = PBXGroup;
			children = (
				9B3307681DF4FFDD001AA3BC /* DetailViewController.swift */,
				9B33074D1DF4E88B001AA3BC /* AppDelegate.swift */,
				9B3307621DF4EC25001AA3BC /* GoogleBooksTableViewController.swift */,
				9B3307641DF4EC6E001AA3BC /* GoogleBook.swift */,
				9B3307661DF4EDCD001AA3BC /* APIRequestManager.swift */,
				9B3307511DF4E88B001AA3BC /* Main.storyboard */,
				9B3307571DF4E88B001AA3BC /* Assets.xcassets */,
				9B3307591DF4E88B001AA3BC /* LaunchScreen.storyboard */,
				9B33075C1DF4E88B001AA3BC /* Info.plist */,
				9B3307541DF4E88B001AA3BC /* GoogleBookAPI.xcdatamodeld */,
			);
			path = GoogleBookAPI;
			sourceTree = "<group>";
		};
/* End PBXGroup section */

/* Begin PBXNativeTarget section */
		9B3307491DF4E88B001AA3BC /* GoogleBookAPI */ = {
			isa = PBXNativeTarget;
			buildConfigurationList = 9B33075F1DF4E88B001AA3BC /* Build configuration list for PBXNativeTarget "GoogleBookAPI" */;
			buildPhases = (
				9B3307461DF4E88B001AA3BC /* Sources */,
				9B3307471DF4E88B001AA3BC /* Frameworks */,
				9B3307481DF4E88B001AA3BC /* Resources */,
			);
			buildRules = (
			);
			dependencies = (
			);
			name = GoogleBookAPI;
			productName = GoogleBookAPI;
			productReference = 9B33074A1DF4E88B001AA3BC /* GoogleBookAPI.app */;
			productType = "com.apple.product-type.application";
		};
/* End PBXNativeTarget section */

/* Begin PBXProject section */
		9B3307421DF4E88B001AA3BC /* Project object */ = {
			isa = PBXProject;
			attributes = {
				LastSwiftUpdateCheck = 0810;
				LastUpgradeCheck = 0810;
				ORGANIZATIONNAME = "Madushani Lekam Wasam Liyanage";
				TargetAttributes = {
					9B3307491DF4E88B001AA3BC = {
						CreatedOnToolsVersion = 8.1;
						DevelopmentTeam = G6ZU47QNTF;
						ProvisioningStyle = Automatic;
					};
				};
			};
			buildConfigurationList = 9B3307451DF4E88B001AA3BC /* Build configuration list for PBXProject "GoogleBookAPI" */;
			compatibilityVersion = "Xcode 3.2";
			developmentRegion = English;
			hasScannedForEncodings = 0;
			knownRegions = (
				en,
				Base,
			);
			mainGroup = 9B3307411DF4E88B001AA3BC;
			productRefGroup = 9B33074B1DF4E88B001AA3BC /* Products */;
			projectDirPath = "";
			projectRoot = "";
			targets = (
				9B3307491DF4E88B001AA3BC /* GoogleBookAPI */,
			);
		};
/* End PBXProject section */

/* Begin PBXResourcesBuildPhase section */
		9B3307481DF4E88B001AA3BC /* Resources */ = {
			isa = PBXResourcesBuildPhase;
			buildActionMask = 2147483647;
			files = (
				9B33075B1DF4E88B001AA3BC /* LaunchScreen.storyboard in Resources */,
				9B3307581DF4E88B001AA3BC /* Assets.xcassets in Resources */,
				9B3307531DF4E88B001AA3BC /* Main.storyboard in Resources */,
			);
			runOnlyForDeploymentPostprocessing = 0;
		};
/* End PBXResourcesBuildPhase section */

/* Begin PBXSourcesBuildPhase section */
		9B3307461DF4E88B001AA3BC /* Sources */ = {
			isa = PBXSourcesBuildPhase;
			buildActionMask = 2147483647;
			files = (
				9B3307671DF4EDCD001AA3BC /* APIRequestManager.swift in Sources */,
				9B3307561DF4E88B001AA3BC /* GoogleBookAPI.xcdatamodeld in Sources */,
				9B3307631DF4EC25001AA3BC /* GoogleBooksTableViewController.swift in Sources */,
				9B3307691DF4FFDD001AA3BC /* DetailViewController.swift in Sources */,
				9B3307651DF4EC6E001AA3BC /* GoogleBook.swift in Sources */,
				9B33074E1DF4E88B001AA3BC /* AppDelegate.swift in Sources */,
			);
			runOnlyForDeploymentPostprocessing = 0;
		};
/* End PBXSourcesBuildPhase section */

/* Begin PBXVariantGroup section */
		9B3307511DF4E88B001AA3BC /* Main.storyboard */ = {
			isa = PBXVariantGroup;
			children = (
				9B3307521DF4E88B001AA3BC /* Base */,
			);
			name = Main.storyboard;
			sourceTree = "<group>";
		};
		9B3307591DF4E88B001AA3BC /* LaunchScreen.storyboard */ = {
			isa = PBXVariantGroup;
			children = (
				9B33075A1DF4E88B001AA3BC /* Base */,
			);
			name = LaunchScreen.storyboard;
			sourceTree = "<group>";
		};
/* End PBXVariantGroup section */

/* Begin XCBuildConfiguration section */
		9B33075D1DF4E88B001AA3BC /* Debug */ = {
			isa = XCBuildConfiguration;
			buildSettings = {
				ALWAYS_SEARCH_USER_PATHS = NO;
				CLANG_ANALYZER_NONNULL = YES;
				CLANG_CXX_LANGUAGE_STANDARD = "gnu++0x";
				CLANG_CXX_LIBRARY = "libc++";
				CLANG_ENABLE_MODULES = YES;
				CLANG_ENABLE_OBJC_ARC = YES;
				CLANG_WARN_BOOL_CONVERSION = YES;
				CLANG_WARN_CONSTANT_CONVERSION = YES;
				CLANG_WARN_DIRECT_OBJC_ISA_USAGE = YES_ERROR;
				CLANG_WARN_DOCUMENTATION_COMMENTS = YES;
				CLANG_WARN_EMPTY_BODY = YES;
				CLANG_WARN_ENUM_CONVERSION = YES;
				CLANG_WARN_INFINITE_RECURSION = YES;
				CLANG_WARN_INT_CONVERSION = YES;
				CLANG_WARN_OBJC_ROOT_CLASS = YES_ERROR;
				CLANG_WARN_SUSPICIOUS_MOVES = YES;
				CLANG_WARN_UNREACHABLE_CODE = YES;
				CLANG_WARN__DUPLICATE_METHOD_MATCH = YES;
				"CODE_SIGN_IDENTITY[sdk=iphoneos*]" = "iPhone Developer";
				COPY_PHASE_STRIP = NO;
				DEBUG_INFORMATION_FORMAT = dwarf;
				ENABLE_STRICT_OBJC_MSGSEND = YES;
				ENABLE_TESTABILITY = YES;
				GCC_C_LANGUAGE_STANDARD = gnu99;
				GCC_DYNAMIC_NO_PIC = NO;
				GCC_NO_COMMON_BLOCKS = YES;
				GCC_OPTIMIZATION_LEVEL = 0;
				GCC_PREPROCESSOR_DEFINITIONS = (
					"DEBUG=1",
					"$(inherited)",
				);
				GCC_WARN_64_TO_32_BIT_CONVERSION = YES;
				GCC_WARN_ABOUT_RETURN_TYPE = YES_ERROR;
				GCC_WARN_UNDECLARED_SELECTOR = YES;
				GCC_WARN_UNINITIALIZED_AUTOS = YES_AGGRESSIVE;
				GCC_WARN_UNUSED_FUNCTION = YES;
				GCC_WARN_UNUSED_VARIABLE = YES;
				IPHONEOS_DEPLOYMENT_TARGET = 10.1;
				MTL_ENABLE_DEBUG_INFO = YES;
				ONLY_ACTIVE_ARCH = YES;
				SDKROOT = iphoneos;
				SWIFT_ACTIVE_COMPILATION_CONDITIONS = DEBUG;
				SWIFT_OPTIMIZATION_LEVEL = "-Onone";
				TARGETED_DEVICE_FAMILY = "1,2";
			};
			name = Debug;
		};
		9B33075E1DF4E88B001AA3BC /* Release */ = {
			isa = XCBuildConfiguration;
			buildSettings = {
				ALWAYS_SEARCH_USER_PATHS = NO;
				CLANG_ANALYZER_NONNULL = YES;
				CLANG_CXX_LANGUAGE_STANDARD = "gnu++0x";
				CLANG_CXX_LIBRARY = "libc++";
				CLANG_ENABLE_MODULES = YES;
				CLANG_ENABLE_OBJC_ARC = YES;
				CLANG_WARN_BOOL_CONVERSION = YES;
				CLANG_WARN_CONSTANT_CONVERSION = YES;
				CLANG_WARN_DIRECT_OBJC_ISA_USAGE = YES_ERROR;
				CLANG_WARN_DOCUMENTATION_COMMENTS = YES;
				CLANG_WARN_EMPTY_BODY = YES;
				CLANG_WARN_ENUM_CONVERSION = YES;
				CLANG_WARN_INFINITE_RECURSION = YES;
				CLANG_WARN_INT_CONVERSION = YES;
				CLANG_WARN_OBJC_ROOT_CLASS = YES_ERROR;
				CLANG_WARN_SUSPICIOUS_MOVES = YES;
				CLANG_WARN_UNREACHABLE_CODE = YES;
				CLANG_WARN__DUPLICATE_METHOD_MATCH = YES;
				"CODE_SIGN_IDENTITY[sdk=iphoneos*]" = "iPhone Developer";
				COPY_PHASE_STRIP = NO;
				DEBUG_INFORMATION_FORMAT = "dwarf-with-dsym";
				ENABLE_NS_ASSERTIONS = NO;
				ENABLE_STRICT_OBJC_MSGSEND = YES;
				GCC_C_LANGUAGE_STANDARD = gnu99;
				GCC_NO_COMMON_BLOCKS = YES;
				GCC_WARN_64_TO_32_BIT_CONVERSION = YES;
				GCC_WARN_ABOUT_RETURN_TYPE = YES_ERROR;
				GCC_WARN_UNDECLARED_SELECTOR = YES;
				GCC_WARN_UNINITIALIZED_AUTOS = YES_AGGRESSIVE;
				GCC_WARN_UNUSED_FUNCTION = YES;
				GCC_WARN_UNUSED_VARIABLE = YES;
				IPHONEOS_DEPLOYMENT_TARGET = 10.1;
				MTL_ENABLE_DEBUG_INFO = NO;
				SDKROOT = iphoneos;
				SWIFT_OPTIMIZATION_LEVEL = "-Owholemodule";
				TARGETED_DEVICE_FAMILY = "1,2";
				VALIDATE_PRODUCT = YES;
			};
			name = Release;
		};
		9B3307601DF4E88B001AA3BC /* Debug */ = {
			isa = XCBuildConfiguration;
			buildSettings = {
				ASSETCATALOG_COMPILER_APPICON_NAME = AppIcon;
				DEVELOPMENT_TEAM = G6ZU47QNTF;
				INFOPLIST_FILE = GoogleBookAPI/Info.plist;
				LD_RUNPATH_SEARCH_PATHS = "$(inherited) @executable_path/Frameworks";
				PRODUCT_BUNDLE_IDENTIFIER = nyc.c4q.madushanilekamwasamliyanage.GoogleBookAPI;
				PRODUCT_NAME = "$(TARGET_NAME)";
				SWIFT_VERSION = 3.0;
			};
			name = Debug;
		};
		9B3307611DF4E88B001AA3BC /* Release */ = {
			isa = XCBuildConfiguration;
			buildSettings = {
				ASSETCATALOG_COMPILER_APPICON_NAME = AppIcon;
				DEVELOPMENT_TEAM = G6ZU47QNTF;
				INFOPLIST_FILE = GoogleBookAPI/Info.plist;
				LD_RUNPATH_SEARCH_PATHS = "$(inherited) @executable_path/Frameworks";
				PRODUCT_BUNDLE_IDENTIFIER = nyc.c4q.madushanilekamwasamliyanage.GoogleBookAPI;
				PRODUCT_NAME = "$(TARGET_NAME)";
				SWIFT_VERSION = 3.0;
			};
			name = Release;
		};
/* End XCBuildConfiguration section */

/* Begin XCConfigurationList section */
		9B3307451DF4E88B001AA3BC /* Build configuration list for PBXProject "GoogleBookAPI" */ = {
			isa = XCConfigurationList;
			buildConfigurations = (
				9B33075D1DF4E88B001AA3BC /* Debug */,
				9B33075E1DF4E88B001AA3BC /* Release */,
			);
			defaultConfigurationIsVisible = 0;
			defaultConfigurationName = Release;
		};
		9B33075F1DF4E88B001AA3BC /* Build configuration list for PBXNativeTarget "GoogleBookAPI" */ = {
			isa = XCConfigurationList;
			buildConfigurations = (
				9B3307601DF4E88B001AA3BC /* Debug */,
				9B3307611DF4E88B001AA3BC /* Release */,
			);
			defaultConfigurationIsVisible = 0;
		};
/* End XCConfigurationList section */

/* Begin XCVersionGroup section */
		9B3307541DF4E88B001AA3BC /* GoogleBookAPI.xcdatamodeld */ = {
			isa = XCVersionGroup;
			children = (
				9B3307551DF4E88B001AA3BC /* GoogleBookAPI.xcdatamodel */,
			);
			currentVersion = 9B3307551DF4E88B001AA3BC /* GoogleBookAPI.xcdatamodel */;
			path = GoogleBookAPI.xcdatamodeld;
			sourceTree = "<group>";
			versionGroupType = wrapper.xcdatamodel;
		};
/* End XCVersionGroup section */
	};
	rootObject = 9B3307421DF4E88B001AA3BC /* Project object */;
}
